Microsoft Visual Studio Solution File, Format Version 12.00
# Visual Studio Version 17
VisualStudioVersion = 17.0.31903.59
MinimumVisualStudioVersion = 10.0.40219.1
Project("{FAE04EC0-301F-11D3-BF4B-00C04F79EFBC}") = "Stark.Common", "Stark.Common\Stark.Common.csproj", "{52B2F5AD-C664-4FBF-905F-C5AE1176716D}"
EndProject
Project("{FAE04EC0-301F-11D3-BF4B-00C04F79EFBC}") = "Stark.Generators", "Stark.Generators\Stark.Generators.csproj", "{21455bf0-4ecb-4a75-9a7d-9f085a5c79fe}"
EndProject
Project("{FAE04EC0-301F-11D3-BF4B-00C04F79EFBC}") = "Stark.BL", "Stark.BL\Stark.BL.csproj", "{27df3ca7-a5dc-49df-b71f-1d2aa3aa7ca4}"
EndProject
Project("{FAE04EC0-301F-11D3-BF4B-00C04F79EFBC}") = "LINQ.Playground", "LINQ.Playground\LINQ.Playground.csproj", "{8BC9CEB8-8B4A-11D0-8D11-00A0C91BC942}"
EndProject
Project("{FAE04EC0-301F-11D3-BF4B-00C04F79EFBC}") = "Stark.Playground.Tests", "Stark.Playground.Tests\Stark.Playground.Tests.csproj", "{A1B2C3D4-E5F6-7890-ABCD-EF1234567890}"
EndProject
Project("{FAE04EC0-301F-11D3-BF4B-00C04F79EFBC}") = "Stark.Common.Tests", "Tests\Stark.CommonTest\Stark.Common.Tests.csproj", "{B2C3D4E5-F6G7-8901-BCDE-F23456789012}"
EndProject
Project("{FAE04EC0-301F-11D3-BF4B-00C04F79EFBC}") = "Stark.BL.Test", "Tests\Stark.BLTest\Stark.BL.Test.csproj", "{C3D4E5F6-G7H8-9012-CDEF-345678901234}"
EndProject
Global
	GlobalSection(SolutionConfigurationPlatforms) = preSolution
		Debug|Any CPU = Debug|Any CPU
		Release|Any CPU = Release|Any CPU
	EndGlobalSection
	GlobalSection(ProjectConfigurationPlatforms) = postSolution
		{52B2F5AD-C664-4FBF-905F-C5AE1176716D}.Debug|Any CPU.ActiveCfg = Debug|Any CPU
		{52B2F5AD-C664-4FBF-905F-C5AE1176716D}.Debug|Any CPU.Build.0 = Debug|Any CPU
		{52B2F5AD-C664-4FBF-905F-C5AE1176716D}.Release|Any CPU.ActiveCfg = Release|Any CPU
		{52B2F5AD-C664-4FBF-905F-C5AE1176716D}.Release|Any CPU.Build.0 = Release|Any CPU
		{21455bf0-4ecb-4a75-9a7d-9f085a5c79fe}.Debug|Any CPU.ActiveCfg = Debug|Any CPU
		{21455bf0-4ecb-4a75-9a7d-9f085a5c79fe}.Debug|Any CPU.Build.0 = Debug|Any CPU
		{21455bf0-4ecb-4a75-9a7d-9f085a5c79fe}.Release|Any CPU.ActiveCfg = Release|Any CPU
		{21455bf0-4ecb-4a75-9a7d-9f085a5c79fe}.Release|Any CPU.Build.0 = Release|Any CPU
		{27df3ca7-a5dc-49df-b71f-1d2aa3aa7ca4}.Debug|Any CPU.ActiveCfg = Debug|Any CPU
		{27df3ca7-a5dc-49df-b71f-1d2aa3aa7ca4}.Debug|Any CPU.Build.0 = Debug|Any CPU
		{27df3ca7-a5dc-49df-b71f-1d2aa3aa7ca4}.Release|Any CPU.ActiveCfg = Release|Any CPU
		{27df3ca7-a5dc-49df-b71f-1d2aa3aa7ca4}.Release|Any CPU.Build.0 = Release|Any CPU
		{8BC9CEB8-8B4A-11D0-8D11-00A0C91BC942}.Debug|Any CPU.ActiveCfg = Debug|Any CPU
		{8BC9CEB8-8B4A-11D0-8D11-00A0C91BC942}.Debug|Any CPU.Build.0 = Debug|Any CPU
		{8BC9CEB8-8B4A-11D0-8D11-00A0C91BC942}.Release|Any CPU.ActiveCfg = Release|Any CPU
		{8BC9CEB8-8B4A-11D0-8D11-00A0C91BC942}.Release|Any CPU.Build.0 = Release|Any CPU
		{A1B2C3D4-E5F6-7890-ABCD-EF1234567890}.Debug|Any CPU.ActiveCfg = Debug|Any CPU
		{A1B2C3D4-E5F6-7890-ABCD-EF1234567890}.Debug|Any CPU.Build.0 = Debug|Any CPU
		{A1B2C3D4-E5F6-7890-ABCD-EF1234567890}.Release|Any CPU.ActiveCfg = Release|Any CPU
		{A1B2C3D4-E5F6-7890-ABCD-EF1234567890}.Release|Any CPU.Build.0 = Release|Any CPU
		{B2C3D4E5-F6G7-8901-BCDE-F23456789012}.Debug|Any CPU.ActiveCfg = Debug|Any CPU
		{B2C3D4E5-F6G7-8901-BCDE-F23456789012}.Debug|Any CPU.Build.0 = Debug|Any CPU
		{B2C3D4E5-F6G7-8901-BCDE-F23456789012}.Release|Any CPU.ActiveCfg = Release|Any CPU
		{B2C3D4E5-F6G7-8901-BCDE-F23456789012}.Release|Any CPU.Build.0 = Release|Any CPU
		{C3D4E5F6-G7H8-9012-CDEF-345678901234}.Debug|Any CPU.ActiveCfg = Debug|Any CPU
		{C3D4E5F6-G7H8-9012-CDEF-345678901234}.Debug|Any CPU.Build.0 = Debug|Any CPU
		{C3D4E5F6-G7H8-9012-CDEF-345678901234}.Release|Any CPU.ActiveCfg = Release|Any CPU
		{C3D4E5F6-G7H8-9012-CDEF-345678901234}.Release|Any CPU.Build.0 = Release|Any CPU
	EndGlobalSection
	GlobalSection(SolutionProperties) = preSolution
		HideSolutionNode = FALSE
	EndGlobalSection
EndGlobal
